
Microsoft Visual Studio Solution File, Format Version 12.00
# Visual Studio Version 17
Project("{8BC9CEB8-8B4A-11D0-8D11-00A0C91BC942}") = "ALL_BUILD", "ALL_BUILD.vcxproj", "{4026DDB2-574D-3241-B98E-01E3DDDADCB5}"
	ProjectSection(ProjectDependencies) = postProject
		{7B76EF20-272F-359B-91E2-4204A7B87350} = {7B76EF20-272F-359B-91E2-4204A7B87350}
		{E578909D-CC40-3AA8-8963-F860E52B2B2C} = {E578909D-CC40-3AA8-8963-F860E52B2B2C}
		{D14FF711-D11D-34FF-9678-8C9963902901} = {D14FF711-D11D-34FF-9678-8C9963902901}
		{A6813221-3938-32F6-912A-57FE7A3BD306} = {A6813221-3938-32F6-912A-57FE7A3BD306}
		{041B9AFC-39D0-3727-9E38-5EF88D6F991D} = {041B9AFC-39D0-3727-9E38-5EF88D6F991D}
		{494F92A5-8D40-35AA-8B09-BA3B016E6BEF} = {494F92A5-8D40-35AA-8B09-BA3B016E6BEF}
	EndProjectSection
EndProject
Project("{8BC9CEB8-8B4A-11D0-8D11-00A0C91BC942}") = "RUN_TESTS", "RUN_TESTS.vcxproj", "{6CD21AF5-C4D5-32BD-90C0-6D864B453F9F}"
	ProjectSection(ProjectDependencies) = postProject
		{7B76EF20-272F-359B-91E2-4204A7B87350} = {7B76EF20-272F-359B-91E2-4204A7B87350}
	EndProjectSection
EndProject
Project("{8BC9CEB8-8B4A-11D0-8D11-00A0C91BC942}") = "ZERO_CHECK", "ZERO_CHECK.vcxproj", "{7B76EF20-272F-359B-91E2-4204A7B87350}"
	ProjectSection(ProjectDependencies) = postProject
	EndProjectSection
EndProject
Project("{8BC9CEB8-8B4A-11D0-8D11-00A0C91BC942}") = "pls_pvc", "pls_pvc.vcxproj", "{E578909D-CC40-3AA8-8963-F860E52B2B2C}"
	ProjectSection(ProjectDependencies) = postProject
		{7B76EF20-272F-359B-91E2-4204A7B87350} = {7B76EF20-272F-359B-91E2-4204A7B87350}
		{D14FF711-D11D-34FF-9678-8C9963902901} = {D14FF711-D11D-34FF-9678-8C9963902901}
	EndProjectSection
EndProject
Project("{8BC9CEB8-8B4A-11D0-8D11-00A0C91BC942}") = "pls_pvc_core", "pls_pvc_core.vcxproj", "{D14FF711-D11D-34FF-9678-8C9963902901}"
	ProjectSection(ProjectDependencies) = postProject
		{7B76EF20-272F-359B-91E2-4204A7B87350} = {7B76EF20-272F-359B-91E2-4204A7B87350}
	EndProjectSection
EndProject
Project("{8BC9CEB8-8B4A-11D0-8D11-00A0C91BC942}") = "pls_pvc_cuda_smoke_test", "pls_pvc_cuda_smoke_test.vcxproj", "{A6813221-3938-32F6-912A-57FE7A3BD306}"
	ProjectSection(ProjectDependencies) = postProject
		{7B76EF20-272F-359B-91E2-4204A7B87350} = {7B76EF20-272F-359B-91E2-4204A7B87350}
		{D14FF711-D11D-34FF-9678-8C9963902901} = {D14FF711-D11D-34FF-9678-8C9963902901}
	EndProjectSection
EndProject
Project("{8BC9CEB8-8B4A-11D0-8D11-00A0C91BC942}") = "pls_pvc_smoke_test", "pls_pvc_smoke_test.vcxproj", "{041B9AFC-39D0-3727-9E38-5EF88D6F991D}"
	ProjectSection(ProjectDependencies) = postProject
		{7B76EF20-272F-359B-91E2-4204A7B87350} = {7B76EF20-272F-359B-91E2-4204A7B87350}
		{D14FF711-D11D-34FF-9678-8C9963902901} = {D14FF711-D11D-34FF-9678-8C9963902901}
	EndProjectSection
EndProject
Project("{8BC9CEB8-8B4A-11D0-8D11-00A0C91BC942}") = "pls_pvc_smoke_test_4d", "pls_pvc_smoke_test_4d.vcxproj", "{494F92A5-8D40-35AA-8B09-BA3B016E6BEF}"
	ProjectSection(ProjectDependencies) = postProject
		{7B76EF20-272F-359B-91E2-4204A7B87350} = {7B76EF20-272F-359B-91E2-4204A7B87350}
		{D14FF711-D11D-34FF-9678-8C9963902901} = {D14FF711-D11D-34FF-9678-8C9963902901}
	EndProjectSection
EndProject
Global
	GlobalSection(SolutionConfigurationPlatforms) = preSolution
		Debug|x64 = Debug|x64
		Release|x64 = Release|x64
		MinSizeRel|x64 = MinSizeRel|x64
		RelWithDebInfo|x64 = RelWithDebInfo|x64
	EndGlobalSection
	GlobalSection(ProjectConfigurationPlatforms) = postSolution
		{4026DDB2-574D-3241-B98E-01E3DDDADCB5}.Debug|x64.ActiveCfg = Debug|x64
		{4026DDB2-574D-3241-B98E-01E3DDDADCB5}.Release|x64.ActiveCfg = Release|x64
		{4026DDB2-574D-3241-B98E-01E3DDDADCB5}.MinSizeRel|x64.ActiveCfg = MinSizeRel|x64
		{4026DDB2-574D-3241-B98E-01E3DDDADCB5}.RelWithDebInfo|x64.ActiveCfg = RelWithDebInfo|x64
		{6CD21AF5-C4D5-32BD-90C0-6D864B453F9F}.Debug|x64.ActiveCfg = Debug|x64
		{6CD21AF5-C4D5-32BD-90C0-6D864B453F9F}.Release|x64.ActiveCfg = Release|x64
		{6CD21AF5-C4D5-32BD-90C0-6D864B453F9F}.MinSizeRel|x64.ActiveCfg = MinSizeRel|x64
		{6CD21AF5-C4D5-32BD-90C0-6D864B453F9F}.RelWithDebInfo|x64.ActiveCfg = RelWithDebInfo|x64
		{7B76EF20-272F-359B-91E2-4204A7B87350}.Debug|x64.ActiveCfg = Debug|x64
		{7B76EF20-272F-359B-91E2-4204A7B87350}.Debug|x64.Build.0 = Debug|x64
		{7B76EF20-272F-359B-91E2-4204A7B87350}.Release|x64.ActiveCfg = Release|x64
		{7B76EF20-272F-359B-91E2-4204A7B87350}.Release|x64.Build.0 = Release|x64
		{7B76EF20-272F-359B-91E2-4204A7B87350}.MinSizeRel|x64.ActiveCfg = MinSizeRel|x64
		{7B76EF20-272F-359B-91E2-4204A7B87350}.MinSizeRel|x64.Build.0 = MinSizeRel|x64
		{7B76EF20-272F-359B-91E2-4204A7B87350}.RelWithDebInfo|x64.ActiveCfg = RelWithDebInfo|x64
		{7B76EF20-272F-359B-91E2-4204A7B87350}.RelWithDebInfo|x64.Build.0 = RelWithDebInfo|x64
		{E578909D-CC40-3AA8-8963-F860E52B2B2C}.Debug|x64.ActiveCfg = Debug|x64
		{E578909D-CC40-3AA8-8963-F860E52B2B2C}.Debug|x64.Build.0 = Debug|x64
		{E578909D-CC40-3AA8-8963-F860E52B2B2C}.Release|x64.ActiveCfg = Release|x64
		{E578909D-CC40-3AA8-8963-F860E52B2B2C}.Release|x64.Build.0 = Release|x64
		{E578909D-CC40-3AA8-8963-F860E52B2B2C}.MinSizeRel|x64.ActiveCfg = MinSizeRel|x64
		{E578909D-CC40-3AA8-8963-F860E52B2B2C}.MinSizeRel|x64.Build.0 = MinSizeRel|x64
		{E578909D-CC40-3AA8-8963-F860E52B2B2C}.RelWithDebInfo|x64.ActiveCfg = RelWithDebInfo|x64
		{E578909D-CC40-3AA8-8963-F860E52B2B2C}.RelWithDebInfo|x64.Build.0 = RelWithDebInfo|x64
		{D14FF711-D11D-34FF-9678-8C9963902901}.Debug|x64.ActiveCfg = Debug|x64
		{D14FF711-D11D-34FF-9678-8C9963902901}.Debug|x64.Build.0 = Debug|x64
		{D14FF711-D11D-34FF-9678-8C9963902901}.Release|x64.ActiveCfg = Release|x64
		{D14FF711-D11D-34FF-9678-8C9963902901}.Release|x64.Build.0 = Release|x64
		{D14FF711-D11D-34FF-9678-8C9963902901}.MinSizeRel|x64.ActiveCfg = MinSizeRel|x64
		{D14FF711-D11D-34FF-9678-8C9963902901}.MinSizeRel|x64.Build.0 = MinSizeRel|x64
		{D14FF711-D11D-34FF-9678-8C9963902901}.RelWithDebInfo|x64.ActiveCfg = RelWithDebInfo|x64
		{D14FF711-D11D-34FF-9678-8C9963902901}.RelWithDebInfo|x64.Build.0 = RelWithDebInfo|x64
		{A6813221-3938-32F6-912A-57FE7A3BD306}.Debug|x64.ActiveCfg = Debug|x64
		{A6813221-3938-32F6-912A-57FE7A3BD306}.Debug|x64.Build.0 = Debug|x64
		{A6813221-3938-32F6-912A-57FE7A3BD306}.Release|x64.ActiveCfg = Release|x64
		{A6813221-3938-32F6-912A-57FE7A3BD306}.Release|x64.Build.0 = Release|x64
		{A6813221-3938-32F6-912A-57FE7A3BD306}.MinSizeRel|x64.ActiveCfg = MinSizeRel|x64
		{A6813221-3938-32F6-912A-57FE7A3BD306}.MinSizeRel|x64.Build.0 = MinSizeRel|x64
		{A6813221-3938-32F6-912A-57FE7A3BD306}.RelWithDebInfo|x64.ActiveCfg = RelWithDebInfo|x64
		{A6813221-3938-32F6-912A-57FE7A3BD306}.RelWithDebInfo|x64.Build.0 = RelWithDebInfo|x64
		{041B9AFC-39D0-3727-9E38-5EF88D6F991D}.Debug|x64.ActiveCfg = Debug|x64
		{041B9AFC-39D0-3727-9E38-5EF88D6F991D}.Debug|x64.Build.0 = Debug|x64
		{041B9AFC-39D0-3727-9E38-5EF88D6F991D}.Release|x64.ActiveCfg = Release|x64
		{041B9AFC-39D0-3727-9E38-5EF88D6F991D}.Release|x64.Build.0 = Release|x64
		{041B9AFC-39D0-3727-9E38-5EF88D6F991D}.MinSizeRel|x64.ActiveCfg = MinSizeRel|x64
		{041B9AFC-39D0-3727-9E38-5EF88D6F991D}.MinSizeRel|x64.Build.0 = MinSizeRel|x64
		{041B9AFC-39D0-3727-9E38-5EF88D6F991D}.RelWithDebInfo|x64.ActiveCfg = RelWithDebInfo|x64
		{041B9AFC-39D0-3727-9E38-5EF88D6F991D}.RelWithDebInfo|x64.Build.0 = RelWithDebInfo|x64
		{494F92A5-8D40-35AA-8B09-BA3B016E6BEF}.Debug|x64.ActiveCfg = Debug|x64
		{494F92A5-8D40-35AA-8B09-BA3B016E6BEF}.Debug|x64.Build.0 = Debug|x64
		{494F92A5-8D40-35AA-8B09-BA3B016E6BEF}.Release|x64.ActiveCfg = Release|x64
		{494F92A5-8D40-35AA-8B09-BA3B016E6BEF}.Release|x64.Build.0 = Release|x64
		{494F92A5-8D40-35AA-8B09-BA3B016E6BEF}.MinSizeRel|x64.ActiveCfg = MinSizeRel|x64
		{494F92A5-8D40-35AA-8B09-BA3B016E6BEF}.MinSizeRel|x64.Build.0 = MinSizeRel|x64
		{494F92A5-8D40-35AA-8B09-BA3B016E6BEF}.RelWithDebInfo|x64.ActiveCfg = RelWithDebInfo|x64
		{494F92A5-8D40-35AA-8B09-BA3B016E6BEF}.RelWithDebInfo|x64.Build.0 = RelWithDebInfo|x64
	EndGlobalSection
	GlobalSection(ExtensibilityGlobals) = postSolution
		SolutionGuid = {D666EBF9-A391-3263-A56F-254B838A3111}
	EndGlobalSection
	GlobalSection(ExtensibilityAddIns) = postSolution
	EndGlobalSection
EndGlobal
